{
  "version": 4,
  "terraform_version": "1.0.10",
  "serial": 38,
  "lineage": "30cc9c21-cd79-bcc9-8e1d-cd913b0c3c09",
  "outputs": {
    "ip": {
      "value": "104.198.217.178",
      "type": "string"
    }
  },
  "resources": [
    {
      "mode": "managed",
      "type": "google_compute_instance",
      "name": "vm_instance",
      "provider": "provider[\"registry.terraform.io/hashicorp/google\"]",
      "instances": [
        {
          "schema_version": 6,
          "attributes": {
            "allow_stopping_for_update": true,
            "attached_disk": [],
            "boot_disk": [
              {
                "auto_delete": true,
                "device_name": "persistent-disk-0",
                "disk_encryption_key_raw": "",
                "disk_encryption_key_sha256": "",
                "initialize_params": [
                  {
                    "image": "https://www.googleapis.com/compute/v1/projects/centos-cloud/global/images/centos-8-v20211105",
                    "labels": {},
                    "size": 20,
                    "type": "pd-standard"
                  }
                ],
                "kms_key_self_link": "",
                "mode": "READ_WRITE",
                "source": "https://www.googleapis.com/compute/v1/projects/testingthis-331316/zones/us-central1-c/disks/terraform-instance"
              }
            ],
            "can_ip_forward": false,
            "cpu_platform": "Intel Broadwell",
            "deletion_protection": false,
            "description": "",
            "enable_display": false,
            "guest_accelerator": [],
            "hostname": "",
            "id": "projects/testingthis-331316/zones/us-central1-c/instances/terraform-instance",
            "instance_id": "2762923379205558307",
            "label_fingerprint": "42WmSpB8rSM=",
            "labels": {},
            "machine_type": "e2-medium",
            "metadata": {
              "ssh-keys": "dwp7kp:ssh-rsa AAAAB3NzaC1yc2EAAAADAQABAAABgQDHdTstH7SQ9dZy6uBYznX8x1ldcaCcaMJY1vvhOamOdTzx9M51t3QEj1/h1hiE0HRUGaSERbC0776gHc0QbNeX5jgV0YHgOIKUXIK/b2MP8tOCKStDo0MrqEgVlLYC+rqlFloISXz+Pawfo5ycA4qg46MWHFrQphbylNdKCz2YwzNyuIw1QIYKDDADigpDf58Rs00hxMoCjvrSQhaXDo3EZx1kQGSz+EyMNBp+3BJvlsM3e0Y6KqwN8Nw+86iARo/Jhgj5aWBAph2e9Ms/SAC1EMG/q7ODKLg5j7oS8owZsR7zk3tkZNl5+n4+NyrTmFQ/qetE2KCY9LrLn34bIhvq4lbRqXaLDqCtEeCYimyRmeNsOvRoyaCe/9fjO6OdZ28VzMFoPHnl3Dunrom0gPHpXpenWsvyLQqp+N/3opySlJdIwJuMx8oXiZSOXv3E1/RBbVe0HnFqokZbVQSU5NEWGdR62r6JUPJcQYoJWbIecgJNRRJY01yqulFp2jf51as= User@User-PC\n"
            },
            "metadata_fingerprint": "fxgG1lzSaD8=",
            "metadata_startup_script": "",
            "min_cpu_platform": "",
            "name": "terraform-instance",
            "network_interface": [
              {
                "access_config": [
                  {
                    "nat_ip": "104.198.217.178",
                    "network_tier": "PREMIUM",
                    "public_ptr_domain_name": ""
                  }
                ],
                "alias_ip_range": [],
                "name": "nic0",
                "network": "https://www.googleapis.com/compute/v1/projects/testingthis-331316/global/networks/default",
                "network_ip": "10.128.0.3",
                "subnetwork": "https://www.googleapis.com/compute/v1/projects/testingthis-331316/regions/us-central1/subnetworks/default",
                "subnetwork_project": "testingthis-331316"
              }
            ],
            "project": "testingthis-331316",
            "scheduling": [
              {
                "automatic_restart": true,
                "node_affinities": [],
                "on_host_maintenance": "MIGRATE",
                "preemptible": false
              }
            ],
            "scratch_disk": [],
            "self_link": "https://www.googleapis.com/compute/v1/projects/testingthis-331316/zones/us-central1-c/instances/terraform-instance",
            "service_account": [],
            "shielded_instance_config": [
              {
                "enable_integrity_monitoring": true,
                "enable_secure_boot": false,
                "enable_vtpm": true
              }
            ],
            "tags": [],
            "tags_fingerprint": "42WmSpB8rSM=",
            "timeouts": null,
            "zone": "us-central1-c"
          },
          "sensitive_attributes": [],
          "private": "eyJlMmJmYjczMC1lY2FhLTExZTYtOGY4OC0zNDM2M2JjN2M0YzAiOnsiY3JlYXRlIjoxMjAwMDAwMDAwMDAwLCJkZWxldGUiOjEyMDAwMDAwMDAwMDAsInVwZGF0ZSI6MTIwMDAwMDAwMDAwMH0sInNjaGVtYV92ZXJzaW9uIjoiNiJ9"
        }
      ]
    },
    {
      "mode": "managed",
      "type": "google_compute_network",
      "name": "vpc_network",
      "provider": "provider[\"registry.terraform.io/hashicorp/google\"]",
      "instances": [
        {
          "schema_version": 0,
          "attributes": {
            "auto_create_subnetworks": true,
            "delete_default_routes_on_create": false,
            "description": "",
            "gateway_ipv4": "",
            "id": "projects/testingthis-331316/global/networks/terraform-network",
            "ipv4_range": null,
            "name": "terraform-network",
            "project": "testingthis-331316",
            "routing_mode": "REGIONAL",
            "self_link": "https://www.googleapis.com/compute/v1/projects/testingthis-331316/global/networks/terraform-network",
            "timeouts": null
          },
          "sensitive_attributes": [],
          "private": "eyJlMmJmYjczMC1lY2FhLTExZTYtOGY4OC0zNDM2M2JjN2M0YzAiOnsiY3JlYXRlIjoyNDAwMDAwMDAwMDAsImRlbGV0ZSI6MjQwMDAwMDAwMDAwLCJ1cGRhdGUiOjI0MDAwMDAwMDAwMH19"
        }
      ]
    }
  ]
}
